// !$*UTF8*$!
{
	archiveVersion = 1;
	classes = {
	};
	objectVersion = 46;
	objects = {

/* Begin PBXBuildFile section */
		84A3062C1E6DC9C100309CCE /* AppDelegate.swift in Sources */ = {isa = PBXBuildFile; fileRef = 84A3062B1E6DC9C100309CCE /* AppDelegate.swift */; };
		84A3062E1E6DC9C100309CCE /* ViewController.swift in Sources */ = {isa = PBXBuildFile; fileRef = 84A3062D1E6DC9C100309CCE /* ViewController.swift */; };
		84A306311E6DC9C100309CCE /* Main.storyboard in Resources */ = {isa = PBXBuildFile; fileRef = 84A3062F1E6DC9C100309CCE /* Main.storyboard */; };
		84A306331E6DC9C100309CCE /* Assets.xcassets in Resources */ = {isa = PBXBuildFile; fileRef = 84A306321E6DC9C100309CCE /* Assets.xcassets */; };
		84A306361E6DC9C100309CCE /* LaunchScreen.storyboard in Resources */ = {isa = PBXBuildFile; fileRef = 84A306341E6DC9C100309CCE /* LaunchScreen.storyboard */; };
		84A3063E1E6DCADF00309CCE /* ListarTableViewController.swift in Sources */ = {isa = PBXBuildFile; fileRef = 84A3063D1E6DCADF00309CCE /* ListarTableViewController.swift */; };
/* End PBXBuildFile section */

/* Begin PBXFileReference section */
		84A306281E6DC9C100309CCE /* Rui.app */ = {isa = PBXFileReference; explicitFileType = wrapper.application; includeInIndex = 0; path = Rui.app; sourceTree = BUILT_PRODUCTS_DIR; };
		84A3062B1E6DC9C100309CCE /* AppDelegate.swift */ = {isa = PBXFileReference; lastKnownFileType = sourcecode.swift; path = AppDelegate.swift; sourceTree = "<group>"; };
		84A3062D1E6DC9C100309CCE /* ViewController.swift */ = {isa = PBXFileReference; lastKnownFileType = sourcecode.swift; path = ViewController.swift; sourceTree = "<group>"; };
		84A306301E6DC9C100309CCE /* Base */ = {isa = PBXFileReference; lastKnownFileType = file.storyboard; name = Base; path = Base.lproj/Main.storyboard; sourceTree = "<group>"; };
		84A306321E6DC9C100309CCE /* Assets.xcassets */ = {isa = PBXFileReference; lastKnownFileType = folder.assetcatalog; path = Assets.xcassets; sourceTree = "<group>"; };
		84A306351E6DC9C100309CCE /* Base */ = {isa = PBXFileReference; lastKnownFileType = file.storyboard; name = Base; path = Base.lproj/LaunchScreen.storyboard; sourceTree = "<group>"; };
		84A306371E6DC9C100309CCE /* Info.plist */ = {isa = PBXFileReference; lastKnownFileType = text.plist.xml; path = Info.plist; sourceTree = "<group>"; };
		84A3063D1E6DCADF00309CCE /* ListarTableViewController.swift */ = {isa = PBXFileReference; fileEncoding = 4; lastKnownFileType = sourcecode.swift; path = ListarTableViewController.swift; sourceTree = "<group>"; };
/* End PBXFileReference section */

/* Begin PBXFrameworksBuildPhase section */
		84A306251E6DC9C100309CCE /* Frameworks */ = {
			isa = PBXFrameworksBuildPhase;
			buildActionMask = 2147483647;
			files = (
			);
			runOnlyForDeploymentPostprocessing = 0;
		};
/* End PBXFrameworksBuildPhase section */

/* Begin PBXGroup section */
		84A3061F1E6DC9C100309CCE = {
			isa = PBXGroup;
			children = (
				84A3062A1E6DC9C100309CCE /* Rui */,
				84A306291E6DC9C100309CCE /* Products */,
			);
			sourceTree = "<group>";
		};
		84A306291E6DC9C100309CCE /* Products */ = {
			isa = PBXGroup;
			children = (
				84A306281E6DC9C100309CCE /* Rui.app */,
			);
			name = Products;
			sourceTree = "<group>";
		};
		84A3062A1E6DC9C100309CCE /* Rui */ = {
			isa = PBXGroup;
			children = (
				84A3062B1E6DC9C100309CCE /* AppDelegate.swift */,
				84A3062D1E6DC9C100309CCE /* ViewController.swift */,
				84A3063D1E6DCADF00309CCE /* ListarTableViewController.swift */,
				84A3062F1E6DC9C100309CCE /* Main.storyboard */,
				84A306321E6DC9C100309CCE /* Assets.xcassets */,
				84A306341E6DC9C100309CCE /* LaunchScreen.storyboard */,
				84A306371E6DC9C100309CCE /* Info.plist */,
			);
			path = Rui;
			sourceTree = "<group>";
		};
/* End PBXGroup section */

/* Begin PBXNativeTarget section */
		84A306271E6DC9C100309CCE /* Rui */ = {
			isa = PBXNativeTarget;
			buildConfigurationList = 84A3063A1E6DC9C100309CCE /* Build configuration list for PBXNativeTarget "Rui" */;
			buildPhases = (
				84A306241E6DC9C100309CCE /* Sources */,
				84A306251E6DC9C100309CCE /* Frameworks */,
				84A306261E6DC9C100309CCE /* Resources */,
			);
			buildRules = (
			);
			dependencies = (
			);
			name = Rui;
			productName = Rui;
			productReference = 84A306281E6DC9C100309CCE /* Rui.app */;
			productType = "com.apple.product-type.application";
		};
/* End PBXNativeTarget section */

/* Begin PBXProject section */
		84A306201E6DC9C100309CCE /* Project object */ = {
			isa = PBXProject;
			attributes = {
				LastSwiftUpdateCheck = 0820;
				LastUpgradeCheck = 0820;
				ORGANIZATIONNAME = admin;
				TargetAttributes = {
					84A306271E6DC9C100309CCE = {
						CreatedOnToolsVersion = 8.2.1;
						ProvisioningStyle = Automatic;
					};
				};
			};
			buildConfigurationList = 84A306231E6DC9C100309CCE /* Build configuration list for PBXProject "Rui" */;
			compatibilityVersion = "Xcode 3.2";
			developmentRegion = English;
			hasScannedForEncodings = 0;
			knownRegions = (
				en,
				Base,
			);
			mainGroup = 84A3061F1E6DC9C100309CCE;
			productRefGroup = 84A306291E6DC9C100309CCE /* Products */;
			projectDirPath = "";
			projectRoot = "";
			targets = (
				84A306271E6DC9C100309CCE /* Rui */,
			);
		};
/* End PBXProject section */

/* Begin PBXResourcesBuildPhase section */
		84A306261E6DC9C100309CCE /* Resources */ = {
			isa = PBXResourcesBuildPhase;
			buildActionMask = 2147483647;
			files = (
				84A306361E6DC9C100309CCE /* LaunchScreen.storyboard in Resources */,
				84A306331E6DC9C100309CCE /* Assets.xcassets in Resources */,
				84A306311E6DC9C100309CCE /* Main.storyboard in Resources */,
			);
			runOnlyForDeploymentPostprocessing = 0;
		};
/* End PBXResourcesBuildPhase section */

/* Begin PBXSourcesBuildPhase section */
		84A306241E6DC9C100309CCE /* Sources */ = {
			isa = PBXSourcesBuildPhase;
			buildActionMask = 2147483647;
			files = (
				84A3062E1E6DC9C100309CCE /* ViewController.swift in Sources */,
				84A3062C1E6DC9C100309CCE /* AppDelegate.swift in Sources */,
				84A3063E1E6DCADF00309CCE /* ListarTableViewController.swift in Sources */,
			);
			runOnlyForDeploymentPostprocessing = 0;
		};
/* End PBXSourcesBuildPhase section */

/* Begin PBXVariantGroup section */
		84A3062F1E6DC9C100309CCE /* Main.storyboard */ = {
			isa = PBXVariantGroup;
			children = (
				84A306301E6DC9C100309CCE /* Base */,
			);
			name = Main.storyboard;
			sourceTree = "<group>";
		};
		84A306341E6DC9C100309CCE /* LaunchScreen.storyboard */ = {
			isa = PBXVariantGroup;
			children = (
				84A306351E6DC9C100309CCE /* Base */,
			);
			name = LaunchScreen.storyboard;
			sourceTree = "<group>";
		};
/* End PBXVariantGroup section */

/* Begin XCBuildConfiguration section */
		84A306381E6DC9C100309CCE /* Debug */ = {
			isa = XCBuildConfiguration;
			buildSettings = {
				ALWAYS_SEARCH_USER_PATHS = NO;
				CLANG_ANALYZER_NONNULL = YES;
				CLANG_CXX_LANGUAGE_STANDARD = "gnu++0x";
				CLANG_CXX_LIBRARY = "libc++";
				CLANG_ENABLE_MODULES = YES;
				CLANG_ENABLE_OBJC_ARC = YES;
				CLANG_WARN_BOOL_CONVERSION = YES;
				CLANG_WARN_CONSTANT_CONVERSION = YES;
				CLANG_WARN_DIRECT_OBJC_ISA_USAGE = YES_ERROR;
				CLANG_WARN_DOCUMENTATION_COMMENTS = YES;
				CLANG_WARN_EMPTY_BODY = YES;
				CLANG_WARN_ENUM_CONVERSION = YES;
				CLANG_WARN_INFINITE_RECURSION = YES;
				CLANG_WARN_INT_CONVERSION = YES;
				CLANG_WARN_OBJC_ROOT_CLASS = YES_ERROR;
				CLANG_WARN_SUSPICIOUS_MOVE = YES;
				CLANG_WARN_UNREACHABLE_CODE = YES;
				CLANG_WARN__DUPLICATE_METHOD_MATCH = YES;
				"CODE_SIGN_IDENTITY[sdk=iphoneos*]" = "iPhone Developer";
				COPY_PHASE_STRIP = NO;
				DEBUG_INFORMATION_FORMAT = dwarf;
				ENABLE_STRICT_OBJC_MSGSEND = YES;
				ENABLE_TESTABILITY = YES;
				GCC_C_LANGUAGE_STANDARD = gnu99;
				GCC_DYNAMIC_NO_PIC = NO;
				GCC_NO_COMMON_BLOCKS = YES;
				GCC_OPTIMIZATION_LEVEL = 0;
				GCC_PREPROCESSOR_DEFINITIONS = (
					"DEBUG=1",
					"$(inherited)",
				);
				GCC_WARN_64_TO_32_BIT_CONVERSION = YES;
				GCC_WARN_ABOUT_RETURN_TYPE = YES_ERROR;
				GCC_WARN_UNDECLARED_SELECTOR = YES;
				GCC_WARN_UNINITIALIZED_AUTOS = YES_AGGRESSIVE;
				GCC_WARN_UNUSED_FUNCTION = YES;
				GCC_WARN_UNUSED_VARIABLE = YES;
				IPHONEOS_DEPLOYMENT_TARGET = 10.2;
				MTL_ENABLE_DEBUG_INFO = YES;
				ONLY_ACTIVE_ARCH = YES;
				SDKROOT = iphoneos;
				SWIFT_ACTIVE_COMPILATION_CONDITIONS = DEBUG;
				SWIFT_OPTIMIZATION_LEVEL = "-Onone";
			};
			name = Debug;
		};
		84A306391E6DC9C100309CCE /* Release */ = {
			isa = XCBuildConfiguration;
			buildSettings = {
				ALWAYS_SEARCH_USER_PATHS = NO;
				CLANG_ANALYZER_NONNULL = YES;
				CLANG_CXX_LANGUAGE_STANDARD = "gnu++0x";
				CLANG_CXX_LIBRARY = "libc++";
				CLANG_ENABLE_MODULES = YES;
				CLANG_ENABLE_OBJC_ARC = YES;
				CLANG_WARN_BOOL_CONVERSION = YES;
				CLANG_WARN_CONSTANT_CONVERSION = YES;
				CLANG_WARN_DIRECT_OBJC_ISA_USAGE = YES_ERROR;
				CLANG_WARN_DOCUMENTATION_COMMENTS = YES;
				CLANG_WARN_EMPTY_BODY = YES;
				CLANG_WARN_ENUM_CONVERSION = YES;
				CLANG_WARN_INFINITE_RECURSION = YES;
				CLANG_WARN_INT_CONVERSION = YES;
				CLANG_WARN_OBJC_ROOT_CLASS = YES_ERROR;
				CLANG_WARN_SUSPICIOUS_MOVE = YES;
				CLANG_WARN_UNREACHABLE_CODE = YES;
				CLANG_WARN__DUPLICATE_METHOD_MATCH = YES;
				"CODE_SIGN_IDENTITY[sdk=iphoneos*]" = "iPhone Developer";
				COPY_PHASE_STRIP = NO;
				DEBUG_INFORMATION_FORMAT = "dwarf-with-dsym";
				ENABLE_NS_ASSERTIONS = NO;
				ENABLE_STRICT_OBJC_MSGSEND = YES;
				GCC_C_LANGUAGE_STANDARD = gnu99;
				GCC_NO_COMMON_BLOCKS = YES;
				GCC_WARN_64_TO_32_BIT_CONVERSION = YES;
				GCC_WARN_ABOUT_RETURN_TYPE = YES_ERROR;
				GCC_WARN_UNDECLARED_SELECTOR = YES;
				GCC_WARN_UNINITIALIZED_AUTOS = YES_AGGRESSIVE;
				GCC_WARN_UNUSED_FUNCTION = YES;
				GCC_WARN_UNUSED_VARIABLE = YES;
				IPHONEOS_DEPLOYMENT_TARGET = 10.2;
				MTL_ENABLE_DEBUG_INFO = NO;
				SDKROOT = iphoneos;
				SWIFT_OPTIMIZATION_LEVEL = "-Owholemodule";
				VALIDATE_PRODUCT = YES;
			};
			name = Release;
		};
		84A3063B1E6DC9C100309CCE /* Debug */ = {
			isa = XCBuildConfiguration;
			buildSettings = {
				ASSETCATALOG_COMPILER_APPICON_NAME = AppIcon;
				INFOPLIST_FILE = Rui/Info.plist;
				LD_RUNPATH_SEARCH_PATHS = "$(inherited) @executable_path/Frameworks";
				PRODUCT_BUNDLE_IDENTIFIER = br.edu.ifpb.si.pdm.Rui;
				PRODUCT_NAME = "$(TARGET_NAME)";
				SWIFT_VERSION = 3.0;
			};
			name = Debug;
		};
		84A3063C1E6DC9C100309CCE /* Release */ = {
			isa = XCBuildConfiguration;
			buildSettings = {
				ASSETCATALOG_COMPILER_APPICON_NAME = AppIcon;
				INFOPLIST_FILE = Rui/Info.plist;
				LD_RUNPATH_SEARCH_PATHS = "$(inherited) @executable_path/Frameworks";
				PRODUCT_BUNDLE_IDENTIFIER = br.edu.ifpb.si.pdm.Rui;
				PRODUCT_NAME = "$(TARGET_NAME)";
				SWIFT_VERSION = 3.0;
			};
			name = Release;
		};
/* End XCBuildConfiguration section */

/* Begin XCConfigurationList section */
		84A306231E6DC9C100309CCE /* Build configuration list for PBXProject "Rui" */ = {
			isa = XCConfigurationList;
			buildConfigurations = (
				84A306381E6DC9C100309CCE /* Debug */,
				84A306391E6DC9C100309CCE /* Release */,
			);
			defaultConfigurationIsVisible = 0;
			defaultConfigurationName = Release;
		};
		84A3063A1E6DC9C100309CCE /* Build configuration list for PBXNativeTarget "Rui" */ = {
			isa = XCConfigurationList;
			buildConfigurations = (
				84A3063B1E6DC9C100309CCE /* Debug */,
				84A3063C1E6DC9C100309CCE /* Release */,
			);
			defaultConfigurationIsVisible = 0;
		};
/* End XCConfigurationList section */
	};
	rootObject = 84A306201E6DC9C100309CCE /* Project object */;
}
