// !$*UTF8*$!
{
	archiveVersion = 1;
	classes = {
	};
	objectVersion = 46;
	objects = {

/* Begin PBXBuildFile section */
		847898A21C6147FD0057D151 /* AppDelegate.swift in Sources */ = {isa = PBXBuildFile; fileRef = 847898A11C6147FD0057D151 /* AppDelegate.swift */; };
		847898A41C6147FD0057D151 /* ViewController.swift in Sources */ = {isa = PBXBuildFile; fileRef = 847898A31C6147FD0057D151 /* ViewController.swift */; };
		847898A71C6147FD0057D151 /* Main.storyboard in Resources */ = {isa = PBXBuildFile; fileRef = 847898A51C6147FD0057D151 /* Main.storyboard */; };
		847898A91C6147FD0057D151 /* Assets.xcassets in Resources */ = {isa = PBXBuildFile; fileRef = 847898A81C6147FD0057D151 /* Assets.xcassets */; };
		847898AC1C6147FD0057D151 /* LaunchScreen.storyboard in Resources */ = {isa = PBXBuildFile; fileRef = 847898AA1C6147FD0057D151 /* LaunchScreen.storyboard */; };
/* End PBXBuildFile section */

/* Begin PBXFileReference section */
		8478989E1C6147FD0057D151 /* Cadastro de Pessoas.app */ = {isa = PBXFileReference; explicitFileType = wrapper.application; includeInIndex = 0; path = "Cadastro de Pessoas.app"; sourceTree = BUILT_PRODUCTS_DIR; };
		847898A11C6147FD0057D151 /* AppDelegate.swift */ = {isa = PBXFileReference; lastKnownFileType = sourcecode.swift; path = AppDelegate.swift; sourceTree = "<group>"; };
		847898A31C6147FD0057D151 /* ViewController.swift */ = {isa = PBXFileReference; lastKnownFileType = sourcecode.swift; path = ViewController.swift; sourceTree = "<group>"; };
		847898A61C6147FD0057D151 /* Base */ = {isa = PBXFileReference; lastKnownFileType = file.storyboard; name = Base; path = Base.lproj/Main.storyboard; sourceTree = "<group>"; };
		847898A81C6147FD0057D151 /* Assets.xcassets */ = {isa = PBXFileReference; lastKnownFileType = folder.assetcatalog; path = Assets.xcassets; sourceTree = "<group>"; };
		847898AB1C6147FD0057D151 /* Base */ = {isa = PBXFileReference; lastKnownFileType = file.storyboard; name = Base; path = Base.lproj/LaunchScreen.storyboard; sourceTree = "<group>"; };
		847898AD1C6147FD0057D151 /* Info.plist */ = {isa = PBXFileReference; lastKnownFileType = text.plist.xml; path = Info.plist; sourceTree = "<group>"; };
/* End PBXFileReference section */

/* Begin PBXFrameworksBuildPhase section */
		8478989B1C6147FD0057D151 /* Frameworks */ = {
			isa = PBXFrameworksBuildPhase;
			buildActionMask = 2147483647;
			files = (
			);
			runOnlyForDeploymentPostprocessing = 0;
		};
/* End PBXFrameworksBuildPhase section */

/* Begin PBXGroup section */
		847898951C6147FD0057D151 = {
			isa = PBXGroup;
			children = (
				847898A01C6147FD0057D151 /* Cadastro de Pessoas */,
				8478989F1C6147FD0057D151 /* Products */,
			);
			sourceTree = "<group>";
		};
		8478989F1C6147FD0057D151 /* Products */ = {
			isa = PBXGroup;
			children = (
				8478989E1C6147FD0057D151 /* Cadastro de Pessoas.app */,
			);
			name = Products;
			sourceTree = "<group>";
		};
		847898A01C6147FD0057D151 /* Cadastro de Pessoas */ = {
			isa = PBXGroup;
			children = (
				847898A11C6147FD0057D151 /* AppDelegate.swift */,
				847898A31C6147FD0057D151 /* ViewController.swift */,
				847898A51C6147FD0057D151 /* Main.storyboard */,
				847898A81C6147FD0057D151 /* Assets.xcassets */,
				847898AA1C6147FD0057D151 /* LaunchScreen.storyboard */,
				847898AD1C6147FD0057D151 /* Info.plist */,
			);
			path = "Cadastro de Pessoas";
			sourceTree = "<group>";
		};
/* End PBXGroup section */

/* Begin PBXNativeTarget section */
		8478989D1C6147FD0057D151 /* Cadastro de Pessoas */ = {
			isa = PBXNativeTarget;
			buildConfigurationList = 847898B01C6147FD0057D151 /* Build configuration list for PBXNativeTarget "Cadastro de Pessoas" */;
			buildPhases = (
				8478989A1C6147FD0057D151 /* Sources */,
				8478989B1C6147FD0057D151 /* Frameworks */,
				8478989C1C6147FD0057D151 /* Resources */,
			);
			buildRules = (
			);
			dependencies = (
			);
			name = "Cadastro de Pessoas";
			productName = "Cadastro de Pessoas";
			productReference = 8478989E1C6147FD0057D151 /* Cadastro de Pessoas.app */;
			productType = "com.apple.product-type.application";
		};
/* End PBXNativeTarget section */

/* Begin PBXProject section */
		847898961C6147FD0057D151 /* Project object */ = {
			isa = PBXProject;
			attributes = {
				LastSwiftUpdateCheck = 0710;
				LastUpgradeCheck = 0710;
				ORGANIZATIONNAME = admin;
				TargetAttributes = {
					8478989D1C6147FD0057D151 = {
						CreatedOnToolsVersion = 7.1;
					};
				};
			};
			buildConfigurationList = 847898991C6147FD0057D151 /* Build configuration list for PBXProject "Cadastro de Pessoas" */;
			compatibilityVersion = "Xcode 3.2";
			developmentRegion = English;
			hasScannedForEncodings = 0;
			knownRegions = (
				en,
				Base,
			);
			mainGroup = 847898951C6147FD0057D151;
			productRefGroup = 8478989F1C6147FD0057D151 /* Products */;
			projectDirPath = "";
			projectRoot = "";
			targets = (
				8478989D1C6147FD0057D151 /* Cadastro de Pessoas */,
			);
		};
/* End PBXProject section */

/* Begin PBXResourcesBuildPhase section */
		8478989C1C6147FD0057D151 /* Resources */ = {
			isa = PBXResourcesBuildPhase;
			buildActionMask = 2147483647;
			files = (
				847898AC1C6147FD0057D151 /* LaunchScreen.storyboard in Resources */,
				847898A91C6147FD0057D151 /* Assets.xcassets in Resources */,
				847898A71C6147FD0057D151 /* Main.storyboard in Resources */,
			);
			runOnlyForDeploymentPostprocessing = 0;
		};
/* End PBXResourcesBuildPhase section */

/* Begin PBXSourcesBuildPhase section */
		8478989A1C6147FD0057D151 /* Sources */ = {
			isa = PBXSourcesBuildPhase;
			buildActionMask = 2147483647;
			files = (
				847898A41C6147FD0057D151 /* ViewController.swift in Sources */,
				847898A21C6147FD0057D151 /* AppDelegate.swift in Sources */,
			);
			runOnlyForDeploymentPostprocessing = 0;
		};
/* End PBXSourcesBuildPhase section */

/* Begin PBXVariantGroup section */
		847898A51C6147FD0057D151 /* Main.storyboard */ = {
			isa = PBXVariantGroup;
			children = (
				847898A61C6147FD0057D151 /* Base */,
			);
			name = Main.storyboard;
			sourceTree = "<group>";
		};
		847898AA1C6147FD0057D151 /* LaunchScreen.storyboard */ = {
			isa = PBXVariantGroup;
			children = (
				847898AB1C6147FD0057D151 /* Base */,
			);
			name = LaunchScreen.storyboard;
			sourceTree = "<group>";
		};
/* End PBXVariantGroup section */

/* Begin XCBuildConfiguration section */
		847898AE1C6147FD0057D151 /* Debug */ = {
			isa = XCBuildConfiguration;
			buildSettings = {
				ALWAYS_SEARCH_USER_PATHS = NO;
				CLANG_CXX_LANGUAGE_STANDARD = "gnu++0x";
				CLANG_CXX_LIBRARY = "libc++";
				CLANG_ENABLE_MODULES = YES;
				CLANG_ENABLE_OBJC_ARC = YES;
				CLANG_WARN_BOOL_CONVERSION = YES;
				CLANG_WARN_CONSTANT_CONVERSION = YES;
				CLANG_WARN_DIRECT_OBJC_ISA_USAGE = YES_ERROR;
				CLANG_WARN_EMPTY_BODY = YES;
				CLANG_WARN_ENUM_CONVERSION = YES;
				CLANG_WARN_INT_CONVERSION = YES;
				CLANG_WARN_OBJC_ROOT_CLASS = YES_ERROR;
				CLANG_WARN_UNREACHABLE_CODE = YES;
				CLANG_WARN__DUPLICATE_METHOD_MATCH = YES;
				"CODE_SIGN_IDENTITY[sdk=iphoneos*]" = "iPhone Developer";
				COPY_PHASE_STRIP = NO;
				DEBUG_INFORMATION_FORMAT = dwarf;
				ENABLE_STRICT_OBJC_MSGSEND = YES;
				ENABLE_TESTABILITY = YES;
				GCC_C_LANGUAGE_STANDARD = gnu99;
				GCC_DYNAMIC_NO_PIC = NO;
				GCC_NO_COMMON_BLOCKS = YES;
				GCC_OPTIMIZATION_LEVEL = 0;
				GCC_PREPROCESSOR_DEFINITIONS = (
					"DEBUG=1",
					"$(inherited)",
				);
				GCC_WARN_64_TO_32_BIT_CONVERSION = YES;
				GCC_WARN_ABOUT_RETURN_TYPE = YES_ERROR;
				GCC_WARN_UNDECLARED_SELECTOR = YES;
				GCC_WARN_UNINITIALIZED_AUTOS = YES_AGGRESSIVE;
				GCC_WARN_UNUSED_FUNCTION = YES;
				GCC_WARN_UNUSED_VARIABLE = YES;
				IPHONEOS_DEPLOYMENT_TARGET = 9.1;
				MTL_ENABLE_DEBUG_INFO = YES;
				ONLY_ACTIVE_ARCH = YES;
				SDKROOT = iphoneos;
				SWIFT_OPTIMIZATION_LEVEL = "-Onone";
				TARGETED_DEVICE_FAMILY = "1,2";
			};
			name = Debug;
		};
		847898AF1C6147FD0057D151 /* Release */ = {
			isa = XCBuildConfiguration;
			buildSettings = {
				ALWAYS_SEARCH_USER_PATHS = NO;
				CLANG_CXX_LANGUAGE_STANDARD = "gnu++0x";
				CLANG_CXX_LIBRARY = "libc++";
				CLANG_ENABLE_MODULES = YES;
				CLANG_ENABLE_OBJC_ARC = YES;
				CLANG_WARN_BOOL_CONVERSION = YES;
				CLANG_WARN_CONSTANT_CONVERSION = YES;
				CLANG_WARN_DIRECT_OBJC_ISA_USAGE = YES_ERROR;
				CLANG_WARN_EMPTY_BODY = YES;
				CLANG_WARN_ENUM_CONVERSION = YES;
				CLANG_WARN_INT_CONVERSION = YES;
				CLANG_WARN_OBJC_ROOT_CLASS = YES_ERROR;
				CLANG_WARN_UNREACHABLE_CODE = YES;
				CLANG_WARN__DUPLICATE_METHOD_MATCH = YES;
				"CODE_SIGN_IDENTITY[sdk=iphoneos*]" = "iPhone Developer";
				COPY_PHASE_STRIP = NO;
				DEBUG_INFORMATION_FORMAT = "dwarf-with-dsym";
				ENABLE_NS_ASSERTIONS = NO;
				ENABLE_STRICT_OBJC_MSGSEND = YES;
				GCC_C_LANGUAGE_STANDARD = gnu99;
				GCC_NO_COMMON_BLOCKS = YES;
				GCC_WARN_64_TO_32_BIT_CONVERSION = YES;
				GCC_WARN_ABOUT_RETURN_TYPE = YES_ERROR;
				GCC_WARN_UNDECLARED_SELECTOR = YES;
				GCC_WARN_UNINITIALIZED_AUTOS = YES_AGGRESSIVE;
				GCC_WARN_UNUSED_FUNCTION = YES;
				GCC_WARN_UNUSED_VARIABLE = YES;
				IPHONEOS_DEPLOYMENT_TARGET = 9.1;
				MTL_ENABLE_DEBUG_INFO = NO;
				SDKROOT = iphoneos;
				TARGETED_DEVICE_FAMILY = "1,2";
				VALIDATE_PRODUCT = YES;
			};
			name = Release;
		};
		847898B11C6147FD0057D151 /* Debug */ = {
			isa = XCBuildConfiguration;
			buildSettings = {
				ASSETCATALOG_COMPILER_APPICON_NAME = AppIcon;
				INFOPLIST_FILE = "Cadastro de Pessoas/Info.plist";
				LD_RUNPATH_SEARCH_PATHS = "$(inherited) @executable_path/Frameworks";
				PRODUCT_BUNDLE_IDENTIFIER = "br.edu.ifpb.si.pdm.Cadastro-de-Pessoas";
				PRODUCT_NAME = "$(TARGET_NAME)";
			};
			name = Debug;
		};
		847898B21C6147FD0057D151 /* Release */ = {
			isa = XCBuildConfiguration;
			buildSettings = {
				ASSETCATALOG_COMPILER_APPICON_NAME = AppIcon;
				INFOPLIST_FILE = "Cadastro de Pessoas/Info.plist";
				LD_RUNPATH_SEARCH_PATHS = "$(inherited) @executable_path/Frameworks";
				PRODUCT_BUNDLE_IDENTIFIER = "br.edu.ifpb.si.pdm.Cadastro-de-Pessoas";
				PRODUCT_NAME = "$(TARGET_NAME)";
			};
			name = Release;
		};
/* End XCBuildConfiguration section */

/* Begin XCConfigurationList section */
		847898991C6147FD0057D151 /* Build configuration list for PBXProject "Cadastro de Pessoas" */ = {
			isa = XCConfigurationList;
			buildConfigurations = (
				847898AE1C6147FD0057D151 /* Debug */,
				847898AF1C6147FD0057D151 /* Release */,
			);
			defaultConfigurationIsVisible = 0;
			defaultConfigurationName = Release;
		};
		847898B01C6147FD0057D151 /* Build configuration list for PBXNativeTarget "Cadastro de Pessoas" */ = {
			isa = XCConfigurationList;
			buildConfigurations = (
				847898B11C6147FD0057D151 /* Debug */,
				847898B21C6147FD0057D151 /* Release */,
			);
			defaultConfigurationIsVisible = 0;
		};
/* End XCConfigurationList section */
	};
	rootObject = 847898961C6147FD0057D151 /* Project object */;
}
