// !$*UTF8*$!
{
	archiveVersion = 1;
	classes = {
	};
	objectVersion = 46;
	objects = {

/* Begin PBXBuildFile section */
		84AB84071E8974C500A57E56 /* CelulaTableViewCell.swift in Sources */ = {isa = PBXBuildFile; fileRef = 84AB84061E8974C500A57E56 /* CelulaTableViewCell.swift */; };
		84E9049C1E857FE7008D06CE /* AppDelegate.swift in Sources */ = {isa = PBXBuildFile; fileRef = 84E9049B1E857FE7008D06CE /* AppDelegate.swift */; };
		84E9049E1E857FE7008D06CE /* FormularioViewController.swift in Sources */ = {isa = PBXBuildFile; fileRef = 84E9049D1E857FE7008D06CE /* FormularioViewController.swift */; };
		84E904A11E857FE8008D06CE /* Main.storyboard in Resources */ = {isa = PBXBuildFile; fileRef = 84E9049F1E857FE8008D06CE /* Main.storyboard */; };
		84E904A31E857FE8008D06CE /* Assets.xcassets in Resources */ = {isa = PBXBuildFile; fileRef = 84E904A21E857FE8008D06CE /* Assets.xcassets */; };
		84E904A61E857FE8008D06CE /* LaunchScreen.storyboard in Resources */ = {isa = PBXBuildFile; fileRef = 84E904A41E857FE8008D06CE /* LaunchScreen.storyboard */; };
		84E904AE1E8582F2008D06CE /* SobreViewController.swift in Sources */ = {isa = PBXBuildFile; fileRef = 84E904AD1E8582F2008D06CE /* SobreViewController.swift */; };
		84E904B01E8582FE008D06CE /* ListarTableViewController.swift in Sources */ = {isa = PBXBuildFile; fileRef = 84E904AF1E8582FE008D06CE /* ListarTableViewController.swift */; };
		84E904B21E858579008D06CE /* Sugestao.swift in Sources */ = {isa = PBXBuildFile; fileRef = 84E904B11E858579008D06CE /* Sugestao.swift */; };
		84E904B41E8585F1008D06CE /* Cadastro.swift in Sources */ = {isa = PBXBuildFile; fileRef = 84E904B31E8585F1008D06CE /* Cadastro.swift */; };
/* End PBXBuildFile section */

/* Begin PBXFileReference section */
		84AB84061E8974C500A57E56 /* CelulaTableViewCell.swift */ = {isa = PBXFileReference; fileEncoding = 4; lastKnownFileType = sourcecode.swift; path = CelulaTableViewCell.swift; sourceTree = "<group>"; };
		84E904981E857FE7008D06CE /* Pascoa.app */ = {isa = PBXFileReference; explicitFileType = wrapper.application; includeInIndex = 0; path = Pascoa.app; sourceTree = BUILT_PRODUCTS_DIR; };
		84E9049B1E857FE7008D06CE /* AppDelegate.swift */ = {isa = PBXFileReference; lastKnownFileType = sourcecode.swift; path = AppDelegate.swift; sourceTree = "<group>"; };
		84E9049D1E857FE7008D06CE /* FormularioViewController.swift */ = {isa = PBXFileReference; lastKnownFileType = sourcecode.swift; path = FormularioViewController.swift; sourceTree = "<group>"; };
		84E904A01E857FE8008D06CE /* Base */ = {isa = PBXFileReference; lastKnownFileType = file.storyboard; name = Base; path = Base.lproj/Main.storyboard; sourceTree = "<group>"; };
		84E904A21E857FE8008D06CE /* Assets.xcassets */ = {isa = PBXFileReference; lastKnownFileType = folder.assetcatalog; path = Assets.xcassets; sourceTree = "<group>"; };
		84E904A51E857FE8008D06CE /* Base */ = {isa = PBXFileReference; lastKnownFileType = file.storyboard; name = Base; path = Base.lproj/LaunchScreen.storyboard; sourceTree = "<group>"; };
		84E904A71E857FE8008D06CE /* Info.plist */ = {isa = PBXFileReference; lastKnownFileType = text.plist.xml; path = Info.plist; sourceTree = "<group>"; };
		84E904AD1E8582F2008D06CE /* SobreViewController.swift */ = {isa = PBXFileReference; fileEncoding = 4; lastKnownFileType = sourcecode.swift; path = SobreViewController.swift; sourceTree = "<group>"; };
		84E904AF1E8582FE008D06CE /* ListarTableViewController.swift */ = {isa = PBXFileReference; fileEncoding = 4; lastKnownFileType = sourcecode.swift; path = ListarTableViewController.swift; sourceTree = "<group>"; };
		84E904B11E858579008D06CE /* Sugestao.swift */ = {isa = PBXFileReference; fileEncoding = 4; lastKnownFileType = sourcecode.swift; path = Sugestao.swift; sourceTree = "<group>"; };
		84E904B31E8585F1008D06CE /* Cadastro.swift */ = {isa = PBXFileReference; fileEncoding = 4; lastKnownFileType = sourcecode.swift; path = Cadastro.swift; sourceTree = "<group>"; };
/* End PBXFileReference section */

/* Begin PBXFrameworksBuildPhase section */
		84E904951E857FE7008D06CE /* Frameworks */ = {
			isa = PBXFrameworksBuildPhase;
			buildActionMask = 2147483647;
			files = (
			);
			runOnlyForDeploymentPostprocessing = 0;
		};
/* End PBXFrameworksBuildPhase section */

/* Begin PBXGroup section */
		84E9048F1E857FE6008D06CE = {
			isa = PBXGroup;
			children = (
				84E9049A1E857FE7008D06CE /* Pascoa */,
				84E904991E857FE7008D06CE /* Products */,
			);
			sourceTree = "<group>";
		};
		84E904991E857FE7008D06CE /* Products */ = {
			isa = PBXGroup;
			children = (
				84E904981E857FE7008D06CE /* Pascoa.app */,
			);
			name = Products;
			sourceTree = "<group>";
		};
		84E9049A1E857FE7008D06CE /* Pascoa */ = {
			isa = PBXGroup;
			children = (
				84E904B61E8586A2008D06CE /* Controller */,
				84E904B71E8586A8008D06CE /* View */,
				84E904B51E85869A008D06CE /* Model */,
				84E9049B1E857FE7008D06CE /* AppDelegate.swift */,
				84E904A21E857FE8008D06CE /* Assets.xcassets */,
				84E904A71E857FE8008D06CE /* Info.plist */,
			);
			path = Pascoa;
			sourceTree = "<group>";
		};
		84E904B51E85869A008D06CE /* Model */ = {
			isa = PBXGroup;
			children = (
				84E904B11E858579008D06CE /* Sugestao.swift */,
				84E904B31E8585F1008D06CE /* Cadastro.swift */,
			);
			name = Model;
			sourceTree = "<group>";
		};
		84E904B61E8586A2008D06CE /* Controller */ = {
			isa = PBXGroup;
			children = (
				84E9049D1E857FE7008D06CE /* FormularioViewController.swift */,
				84E904AD1E8582F2008D06CE /* SobreViewController.swift */,
				84E904AF1E8582FE008D06CE /* ListarTableViewController.swift */,
				84AB84061E8974C500A57E56 /* CelulaTableViewCell.swift */,
			);
			name = Controller;
			sourceTree = "<group>";
		};
		84E904B71E8586A8008D06CE /* View */ = {
			isa = PBXGroup;
			children = (
				84E904A41E857FE8008D06CE /* LaunchScreen.storyboard */,
				84E9049F1E857FE8008D06CE /* Main.storyboard */,
			);
			name = View;
			sourceTree = "<group>";
		};
/* End PBXGroup section */

/* Begin PBXNativeTarget section */
		84E904971E857FE7008D06CE /* Pascoa */ = {
			isa = PBXNativeTarget;
			buildConfigurationList = 84E904AA1E857FE8008D06CE /* Build configuration list for PBXNativeTarget "Pascoa" */;
			buildPhases = (
				84E904941E857FE7008D06CE /* Sources */,
				84E904951E857FE7008D06CE /* Frameworks */,
				84E904961E857FE7008D06CE /* Resources */,
			);
			buildRules = (
			);
			dependencies = (
			);
			name = Pascoa;
			productName = Pascoa;
			productReference = 84E904981E857FE7008D06CE /* Pascoa.app */;
			productType = "com.apple.product-type.application";
		};
/* End PBXNativeTarget section */

/* Begin PBXProject section */
		84E904901E857FE6008D06CE /* Project object */ = {
			isa = PBXProject;
			attributes = {
				LastSwiftUpdateCheck = 0820;
				LastUpgradeCheck = 0820;
				ORGANIZATIONNAME = admin;
				TargetAttributes = {
					84E904971E857FE7008D06CE = {
						CreatedOnToolsVersion = 8.2.1;
						ProvisioningStyle = Automatic;
					};
				};
			};
			buildConfigurationList = 84E904931E857FE6008D06CE /* Build configuration list for PBXProject "Pascoa" */;
			compatibilityVersion = "Xcode 3.2";
			developmentRegion = English;
			hasScannedForEncodings = 0;
			knownRegions = (
				en,
				Base,
			);
			mainGroup = 84E9048F1E857FE6008D06CE;
			productRefGroup = 84E904991E857FE7008D06CE /* Products */;
			projectDirPath = "";
			projectRoot = "";
			targets = (
				84E904971E857FE7008D06CE /* Pascoa */,
			);
		};
/* End PBXProject section */

/* Begin PBXResourcesBuildPhase section */
		84E904961E857FE7008D06CE /* Resources */ = {
			isa = PBXResourcesBuildPhase;
			buildActionMask = 2147483647;
			files = (
				84E904A61E857FE8008D06CE /* LaunchScreen.storyboard in Resources */,
				84E904A31E857FE8008D06CE /* Assets.xcassets in Resources */,
				84E904A11E857FE8008D06CE /* Main.storyboard in Resources */,
			);
			runOnlyForDeploymentPostprocessing = 0;
		};
/* End PBXResourcesBuildPhase section */

/* Begin PBXSourcesBuildPhase section */
		84E904941E857FE7008D06CE /* Sources */ = {
			isa = PBXSourcesBuildPhase;
			buildActionMask = 2147483647;
			files = (
				84E904B41E8585F1008D06CE /* Cadastro.swift in Sources */,
				84E904B01E8582FE008D06CE /* ListarTableViewController.swift in Sources */,
				84E904AE1E8582F2008D06CE /* SobreViewController.swift in Sources */,
				84E9049E1E857FE7008D06CE /* FormularioViewController.swift in Sources */,
				84E9049C1E857FE7008D06CE /* AppDelegate.swift in Sources */,
				84E904B21E858579008D06CE /* Sugestao.swift in Sources */,
				84AB84071E8974C500A57E56 /* CelulaTableViewCell.swift in Sources */,
			);
			runOnlyForDeploymentPostprocessing = 0;
		};
/* End PBXSourcesBuildPhase section */

/* Begin PBXVariantGroup section */
		84E9049F1E857FE8008D06CE /* Main.storyboard */ = {
			isa = PBXVariantGroup;
			children = (
				84E904A01E857FE8008D06CE /* Base */,
			);
			name = Main.storyboard;
			sourceTree = "<group>";
		};
		84E904A41E857FE8008D06CE /* LaunchScreen.storyboard */ = {
			isa = PBXVariantGroup;
			children = (
				84E904A51E857FE8008D06CE /* Base */,
			);
			name = LaunchScreen.storyboard;
			sourceTree = "<group>";
		};
/* End PBXVariantGroup section */

/* Begin XCBuildConfiguration section */
		84E904A81E857FE8008D06CE /* Debug */ = {
			isa = XCBuildConfiguration;
			buildSettings = {
				ALWAYS_SEARCH_USER_PATHS = NO;
				CLANG_ANALYZER_NONNULL = YES;
				CLANG_CXX_LANGUAGE_STANDARD = "gnu++0x";
				CLANG_CXX_LIBRARY = "libc++";
				CLANG_ENABLE_MODULES = YES;
				CLANG_ENABLE_OBJC_ARC = YES;
				CLANG_WARN_BOOL_CONVERSION = YES;
				CLANG_WARN_CONSTANT_CONVERSION = YES;
				CLANG_WARN_DIRECT_OBJC_ISA_USAGE = YES_ERROR;
				CLANG_WARN_DOCUMENTATION_COMMENTS = YES;
				CLANG_WARN_EMPTY_BODY = YES;
				CLANG_WARN_ENUM_CONVERSION = YES;
				CLANG_WARN_INFINITE_RECURSION = YES;
				CLANG_WARN_INT_CONVERSION = YES;
				CLANG_WARN_OBJC_ROOT_CLASS = YES_ERROR;
				CLANG_WARN_SUSPICIOUS_MOVE = YES;
				CLANG_WARN_UNREACHABLE_CODE = YES;
				CLANG_WARN__DUPLICATE_METHOD_MATCH = YES;
				"CODE_SIGN_IDENTITY[sdk=iphoneos*]" = "iPhone Developer";
				COPY_PHASE_STRIP = NO;
				DEBUG_INFORMATION_FORMAT = dwarf;
				ENABLE_STRICT_OBJC_MSGSEND = YES;
				ENABLE_TESTABILITY = YES;
				GCC_C_LANGUAGE_STANDARD = gnu99;
				GCC_DYNAMIC_NO_PIC = NO;
				GCC_NO_COMMON_BLOCKS = YES;
				GCC_OPTIMIZATION_LEVEL = 0;
				GCC_PREPROCESSOR_DEFINITIONS = (
					"DEBUG=1",
					"$(inherited)",
				);
				GCC_WARN_64_TO_32_BIT_CONVERSION = YES;
				GCC_WARN_ABOUT_RETURN_TYPE = YES_ERROR;
				GCC_WARN_UNDECLARED_SELECTOR = YES;
				GCC_WARN_UNINITIALIZED_AUTOS = YES_AGGRESSIVE;
				GCC_WARN_UNUSED_FUNCTION = YES;
				GCC_WARN_UNUSED_VARIABLE = YES;
				IPHONEOS_DEPLOYMENT_TARGET = 10.2;
				MTL_ENABLE_DEBUG_INFO = YES;
				ONLY_ACTIVE_ARCH = YES;
				SDKROOT = iphoneos;
				SWIFT_ACTIVE_COMPILATION_CONDITIONS = DEBUG;
				SWIFT_OPTIMIZATION_LEVEL = "-Onone";
			};
			name = Debug;
		};
		84E904A91E857FE8008D06CE /* Release */ = {
			isa = XCBuildConfiguration;
			buildSettings = {
				ALWAYS_SEARCH_USER_PATHS = NO;
				CLANG_ANALYZER_NONNULL = YES;
				CLANG_CXX_LANGUAGE_STANDARD = "gnu++0x";
				CLANG_CXX_LIBRARY = "libc++";
				CLANG_ENABLE_MODULES = YES;
				CLANG_ENABLE_OBJC_ARC = YES;
				CLANG_WARN_BOOL_CONVERSION = YES;
				CLANG_WARN_CONSTANT_CONVERSION = YES;
				CLANG_WARN_DIRECT_OBJC_ISA_USAGE = YES_ERROR;
				CLANG_WARN_DOCUMENTATION_COMMENTS = YES;
				CLANG_WARN_EMPTY_BODY = YES;
				CLANG_WARN_ENUM_CONVERSION = YES;
				CLANG_WARN_INFINITE_RECURSION = YES;
				CLANG_WARN_INT_CONVERSION = YES;
				CLANG_WARN_OBJC_ROOT_CLASS = YES_ERROR;
				CLANG_WARN_SUSPICIOUS_MOVE = YES;
				CLANG_WARN_UNREACHABLE_CODE = YES;
				CLANG_WARN__DUPLICATE_METHOD_MATCH = YES;
				"CODE_SIGN_IDENTITY[sdk=iphoneos*]" = "iPhone Developer";
				COPY_PHASE_STRIP = NO;
				DEBUG_INFORMATION_FORMAT = "dwarf-with-dsym";
				ENABLE_NS_ASSERTIONS = NO;
				ENABLE_STRICT_OBJC_MSGSEND = YES;
				GCC_C_LANGUAGE_STANDARD = gnu99;
				GCC_NO_COMMON_BLOCKS = YES;
				GCC_WARN_64_TO_32_BIT_CONVERSION = YES;
				GCC_WARN_ABOUT_RETURN_TYPE = YES_ERROR;
				GCC_WARN_UNDECLARED_SELECTOR = YES;
				GCC_WARN_UNINITIALIZED_AUTOS = YES_AGGRESSIVE;
				GCC_WARN_UNUSED_FUNCTION = YES;
				GCC_WARN_UNUSED_VARIABLE = YES;
				IPHONEOS_DEPLOYMENT_TARGET = 10.2;
				MTL_ENABLE_DEBUG_INFO = NO;
				SDKROOT = iphoneos;
				SWIFT_OPTIMIZATION_LEVEL = "-Owholemodule";
				VALIDATE_PRODUCT = YES;
			};
			name = Release;
		};
		84E904AB1E857FE8008D06CE /* Debug */ = {
			isa = XCBuildConfiguration;
			buildSettings = {
				ASSETCATALOG_COMPILER_APPICON_NAME = AppIcon;
				INFOPLIST_FILE = Pascoa/Info.plist;
				LD_RUNPATH_SEARCH_PATHS = "$(inherited) @executable_path/Frameworks";
				PRODUCT_BUNDLE_IDENTIFIER = br.edu.ifpb.si.pdm.Pascoa;
				PRODUCT_NAME = "$(TARGET_NAME)";
				SWIFT_VERSION = 3.0;
			};
			name = Debug;
		};
		84E904AC1E857FE8008D06CE /* Release */ = {
			isa = XCBuildConfiguration;
			buildSettings = {
				ASSETCATALOG_COMPILER_APPICON_NAME = AppIcon;
				INFOPLIST_FILE = Pascoa/Info.plist;
				LD_RUNPATH_SEARCH_PATHS = "$(inherited) @executable_path/Frameworks";
				PRODUCT_BUNDLE_IDENTIFIER = br.edu.ifpb.si.pdm.Pascoa;
				PRODUCT_NAME = "$(TARGET_NAME)";
				SWIFT_VERSION = 3.0;
			};
			name = Release;
		};
/* End XCBuildConfiguration section */

/* Begin XCConfigurationList section */
		84E904931E857FE6008D06CE /* Build configuration list for PBXProject "Pascoa" */ = {
			isa = XCConfigurationList;
			buildConfigurations = (
				84E904A81E857FE8008D06CE /* Debug */,
				84E904A91E857FE8008D06CE /* Release */,
			);
			defaultConfigurationIsVisible = 0;
			defaultConfigurationName = Release;
		};
		84E904AA1E857FE8008D06CE /* Build configuration list for PBXNativeTarget "Pascoa" */ = {
			isa = XCConfigurationList;
			buildConfigurations = (
				84E904AB1E857FE8008D06CE /* Debug */,
				84E904AC1E857FE8008D06CE /* Release */,
			);
			defaultConfigurationIsVisible = 0;
			defaultConfigurationName = Release;
		};
/* End XCConfigurationList section */
	};
	rootObject = 84E904901E857FE6008D06CE /* Project object */;
}
