// !$*UTF8*$!
{
	archiveVersion = 1;
	classes = {
	};
	objectVersion = 46;
	objects = {

/* Begin PBXBuildFile section */
		84ADD6A01E575CF6002035AE /* AppDelegate.swift in Sources */ = {isa = PBXBuildFile; fileRef = 84ADD69F1E575CF6002035AE /* AppDelegate.swift */; };
		84ADD6A21E575CF6002035AE /* ViewController.swift in Sources */ = {isa = PBXBuildFile; fileRef = 84ADD6A11E575CF6002035AE /* ViewController.swift */; };
		84ADD6A51E575CF6002035AE /* Main.storyboard in Resources */ = {isa = PBXBuildFile; fileRef = 84ADD6A31E575CF6002035AE /* Main.storyboard */; };
		84ADD6A71E575CF6002035AE /* Assets.xcassets in Resources */ = {isa = PBXBuildFile; fileRef = 84ADD6A61E575CF6002035AE /* Assets.xcassets */; };
		84ADD6AA1E575CF6002035AE /* LaunchScreen.storyboard in Resources */ = {isa = PBXBuildFile; fileRef = 84ADD6A81E575CF6002035AE /* LaunchScreen.storyboard */; };
		84ADD6B51E57641F002035AE /* Pessoa.swift in Sources */ = {isa = PBXBuildFile; fileRef = 84ADD6B41E57641F002035AE /* Pessoa.swift */; };
		84ADD6B71E57651C002035AE /* Cadastro.swift in Sources */ = {isa = PBXBuildFile; fileRef = 84ADD6B61E57651C002035AE /* Cadastro.swift */; };
/* End PBXBuildFile section */

/* Begin PBXFileReference section */
		84ADD69C1E575CF6002035AE /* Carrefour.app */ = {isa = PBXFileReference; explicitFileType = wrapper.application; includeInIndex = 0; path = Carrefour.app; sourceTree = BUILT_PRODUCTS_DIR; };
		84ADD69F1E575CF6002035AE /* AppDelegate.swift */ = {isa = PBXFileReference; lastKnownFileType = sourcecode.swift; path = AppDelegate.swift; sourceTree = "<group>"; };
		84ADD6A11E575CF6002035AE /* ViewController.swift */ = {isa = PBXFileReference; lastKnownFileType = sourcecode.swift; path = ViewController.swift; sourceTree = "<group>"; };
		84ADD6A41E575CF6002035AE /* Base */ = {isa = PBXFileReference; lastKnownFileType = file.storyboard; name = Base; path = Base.lproj/Main.storyboard; sourceTree = "<group>"; };
		84ADD6A61E575CF6002035AE /* Assets.xcassets */ = {isa = PBXFileReference; lastKnownFileType = folder.assetcatalog; path = Assets.xcassets; sourceTree = "<group>"; };
		84ADD6A91E575CF6002035AE /* Base */ = {isa = PBXFileReference; lastKnownFileType = file.storyboard; name = Base; path = Base.lproj/LaunchScreen.storyboard; sourceTree = "<group>"; };
		84ADD6AB1E575CF6002035AE /* Info.plist */ = {isa = PBXFileReference; lastKnownFileType = text.plist.xml; path = Info.plist; sourceTree = "<group>"; };
		84ADD6B41E57641F002035AE /* Pessoa.swift */ = {isa = PBXFileReference; fileEncoding = 4; lastKnownFileType = sourcecode.swift; path = Pessoa.swift; sourceTree = "<group>"; };
		84ADD6B61E57651C002035AE /* Cadastro.swift */ = {isa = PBXFileReference; fileEncoding = 4; lastKnownFileType = sourcecode.swift; path = Cadastro.swift; sourceTree = "<group>"; };
/* End PBXFileReference section */

/* Begin PBXFrameworksBuildPhase section */
		84ADD6991E575CF5002035AE /* Frameworks */ = {
			isa = PBXFrameworksBuildPhase;
			buildActionMask = 2147483647;
			files = (
			);
			runOnlyForDeploymentPostprocessing = 0;
		};
/* End PBXFrameworksBuildPhase section */

/* Begin PBXGroup section */
		84ADD6931E575CF5002035AE = {
			isa = PBXGroup;
			children = (
				84ADD69E1E575CF6002035AE /* Carrefour */,
				84ADD69D1E575CF6002035AE /* Products */,
			);
			sourceTree = "<group>";
		};
		84ADD69D1E575CF6002035AE /* Products */ = {
			isa = PBXGroup;
			children = (
				84ADD69C1E575CF6002035AE /* Carrefour.app */,
			);
			name = Products;
			sourceTree = "<group>";
		};
		84ADD69E1E575CF6002035AE /* Carrefour */ = {
			isa = PBXGroup;
			children = (
				84ADD6B31E5763D3002035AE /* controller */,
				84ADD6B21E5763CE002035AE /* view */,
				84ADD6B11E5763B3002035AE /* model */,
				84ADD69F1E575CF6002035AE /* AppDelegate.swift */,
				84ADD6A61E575CF6002035AE /* Assets.xcassets */,
				84ADD6AB1E575CF6002035AE /* Info.plist */,
			);
			path = Carrefour;
			sourceTree = "<group>";
		};
		84ADD6B11E5763B3002035AE /* model */ = {
			isa = PBXGroup;
			children = (
				84ADD6B41E57641F002035AE /* Pessoa.swift */,
				84ADD6B61E57651C002035AE /* Cadastro.swift */,
			);
			name = model;
			sourceTree = "<group>";
		};
		84ADD6B21E5763CE002035AE /* view */ = {
			isa = PBXGroup;
			children = (
				84ADD6A31E575CF6002035AE /* Main.storyboard */,
				84ADD6A81E575CF6002035AE /* LaunchScreen.storyboard */,
			);
			name = view;
			sourceTree = "<group>";
		};
		84ADD6B31E5763D3002035AE /* controller */ = {
			isa = PBXGroup;
			children = (
				84ADD6A11E575CF6002035AE /* ViewController.swift */,
			);
			name = controller;
			sourceTree = "<group>";
		};
/* End PBXGroup section */

/* Begin PBXNativeTarget section */
		84ADD69B1E575CF5002035AE /* Carrefour */ = {
			isa = PBXNativeTarget;
			buildConfigurationList = 84ADD6AE1E575CF6002035AE /* Build configuration list for PBXNativeTarget "Carrefour" */;
			buildPhases = (
				84ADD6981E575CF5002035AE /* Sources */,
				84ADD6991E575CF5002035AE /* Frameworks */,
				84ADD69A1E575CF5002035AE /* Resources */,
			);
			buildRules = (
			);
			dependencies = (
			);
			name = Carrefour;
			productName = Carrefour;
			productReference = 84ADD69C1E575CF6002035AE /* Carrefour.app */;
			productType = "com.apple.product-type.application";
		};
/* End PBXNativeTarget section */

/* Begin PBXProject section */
		84ADD6941E575CF5002035AE /* Project object */ = {
			isa = PBXProject;
			attributes = {
				LastSwiftUpdateCheck = 0820;
				LastUpgradeCheck = 0820;
				ORGANIZATIONNAME = admin;
				TargetAttributes = {
					84ADD69B1E575CF5002035AE = {
						CreatedOnToolsVersion = 8.2.1;
						ProvisioningStyle = Automatic;
					};
				};
			};
			buildConfigurationList = 84ADD6971E575CF5002035AE /* Build configuration list for PBXProject "Carrefour" */;
			compatibilityVersion = "Xcode 3.2";
			developmentRegion = English;
			hasScannedForEncodings = 0;
			knownRegions = (
				en,
				Base,
			);
			mainGroup = 84ADD6931E575CF5002035AE;
			productRefGroup = 84ADD69D1E575CF6002035AE /* Products */;
			projectDirPath = "";
			projectRoot = "";
			targets = (
				84ADD69B1E575CF5002035AE /* Carrefour */,
			);
		};
/* End PBXProject section */

/* Begin PBXResourcesBuildPhase section */
		84ADD69A1E575CF5002035AE /* Resources */ = {
			isa = PBXResourcesBuildPhase;
			buildActionMask = 2147483647;
			files = (
				84ADD6AA1E575CF6002035AE /* LaunchScreen.storyboard in Resources */,
				84ADD6A71E575CF6002035AE /* Assets.xcassets in Resources */,
				84ADD6A51E575CF6002035AE /* Main.storyboard in Resources */,
			);
			runOnlyForDeploymentPostprocessing = 0;
		};
/* End PBXResourcesBuildPhase section */

/* Begin PBXSourcesBuildPhase section */
		84ADD6981E575CF5002035AE /* Sources */ = {
			isa = PBXSourcesBuildPhase;
			buildActionMask = 2147483647;
			files = (
				84ADD6A21E575CF6002035AE /* ViewController.swift in Sources */,
				84ADD6B51E57641F002035AE /* Pessoa.swift in Sources */,
				84ADD6B71E57651C002035AE /* Cadastro.swift in Sources */,
				84ADD6A01E575CF6002035AE /* AppDelegate.swift in Sources */,
			);
			runOnlyForDeploymentPostprocessing = 0;
		};
/* End PBXSourcesBuildPhase section */

/* Begin PBXVariantGroup section */
		84ADD6A31E575CF6002035AE /* Main.storyboard */ = {
			isa = PBXVariantGroup;
			children = (
				84ADD6A41E575CF6002035AE /* Base */,
			);
			name = Main.storyboard;
			sourceTree = "<group>";
		};
		84ADD6A81E575CF6002035AE /* LaunchScreen.storyboard */ = {
			isa = PBXVariantGroup;
			children = (
				84ADD6A91E575CF6002035AE /* Base */,
			);
			name = LaunchScreen.storyboard;
			sourceTree = "<group>";
		};
/* End PBXVariantGroup section */

/* Begin XCBuildConfiguration section */
		84ADD6AC1E575CF6002035AE /* Debug */ = {
			isa = XCBuildConfiguration;
			buildSettings = {
				ALWAYS_SEARCH_USER_PATHS = NO;
				CLANG_ANALYZER_NONNULL = YES;
				CLANG_CXX_LANGUAGE_STANDARD = "gnu++0x";
				CLANG_CXX_LIBRARY = "libc++";
				CLANG_ENABLE_MODULES = YES;
				CLANG_ENABLE_OBJC_ARC = YES;
				CLANG_WARN_BOOL_CONVERSION = YES;
				CLANG_WARN_CONSTANT_CONVERSION = YES;
				CLANG_WARN_DIRECT_OBJC_ISA_USAGE = YES_ERROR;
				CLANG_WARN_DOCUMENTATION_COMMENTS = YES;
				CLANG_WARN_EMPTY_BODY = YES;
				CLANG_WARN_ENUM_CONVERSION = YES;
				CLANG_WARN_INFINITE_RECURSION = YES;
				CLANG_WARN_INT_CONVERSION = YES;
				CLANG_WARN_OBJC_ROOT_CLASS = YES_ERROR;
				CLANG_WARN_SUSPICIOUS_MOVE = YES;
				CLANG_WARN_UNREACHABLE_CODE = YES;
				CLANG_WARN__DUPLICATE_METHOD_MATCH = YES;
				"CODE_SIGN_IDENTITY[sdk=iphoneos*]" = "iPhone Developer";
				COPY_PHASE_STRIP = NO;
				DEBUG_INFORMATION_FORMAT = dwarf;
				ENABLE_STRICT_OBJC_MSGSEND = YES;
				ENABLE_TESTABILITY = YES;
				GCC_C_LANGUAGE_STANDARD = gnu99;
				GCC_DYNAMIC_NO_PIC = NO;
				GCC_NO_COMMON_BLOCKS = YES;
				GCC_OPTIMIZATION_LEVEL = 0;
				GCC_PREPROCESSOR_DEFINITIONS = (
					"DEBUG=1",
					"$(inherited)",
				);
				GCC_WARN_64_TO_32_BIT_CONVERSION = YES;
				GCC_WARN_ABOUT_RETURN_TYPE = YES_ERROR;
				GCC_WARN_UNDECLARED_SELECTOR = YES;
				GCC_WARN_UNINITIALIZED_AUTOS = YES_AGGRESSIVE;
				GCC_WARN_UNUSED_FUNCTION = YES;
				GCC_WARN_UNUSED_VARIABLE = YES;
				IPHONEOS_DEPLOYMENT_TARGET = 10.2;
				MTL_ENABLE_DEBUG_INFO = YES;
				ONLY_ACTIVE_ARCH = YES;
				SDKROOT = iphoneos;
				SWIFT_ACTIVE_COMPILATION_CONDITIONS = DEBUG;
				SWIFT_OPTIMIZATION_LEVEL = "-Onone";
			};
			name = Debug;
		};
		84ADD6AD1E575CF6002035AE /* Release */ = {
			isa = XCBuildConfiguration;
			buildSettings = {
				ALWAYS_SEARCH_USER_PATHS = NO;
				CLANG_ANALYZER_NONNULL = YES;
				CLANG_CXX_LANGUAGE_STANDARD = "gnu++0x";
				CLANG_CXX_LIBRARY = "libc++";
				CLANG_ENABLE_MODULES = YES;
				CLANG_ENABLE_OBJC_ARC = YES;
				CLANG_WARN_BOOL_CONVERSION = YES;
				CLANG_WARN_CONSTANT_CONVERSION = YES;
				CLANG_WARN_DIRECT_OBJC_ISA_USAGE = YES_ERROR;
				CLANG_WARN_DOCUMENTATION_COMMENTS = YES;
				CLANG_WARN_EMPTY_BODY = YES;
				CLANG_WARN_ENUM_CONVERSION = YES;
				CLANG_WARN_INFINITE_RECURSION = YES;
				CLANG_WARN_INT_CONVERSION = YES;
				CLANG_WARN_OBJC_ROOT_CLASS = YES_ERROR;
				CLANG_WARN_SUSPICIOUS_MOVE = YES;
				CLANG_WARN_UNREACHABLE_CODE = YES;
				CLANG_WARN__DUPLICATE_METHOD_MATCH = YES;
				"CODE_SIGN_IDENTITY[sdk=iphoneos*]" = "iPhone Developer";
				COPY_PHASE_STRIP = NO;
				DEBUG_INFORMATION_FORMAT = "dwarf-with-dsym";
				ENABLE_NS_ASSERTIONS = NO;
				ENABLE_STRICT_OBJC_MSGSEND = YES;
				GCC_C_LANGUAGE_STANDARD = gnu99;
				GCC_NO_COMMON_BLOCKS = YES;
				GCC_WARN_64_TO_32_BIT_CONVERSION = YES;
				GCC_WARN_ABOUT_RETURN_TYPE = YES_ERROR;
				GCC_WARN_UNDECLARED_SELECTOR = YES;
				GCC_WARN_UNINITIALIZED_AUTOS = YES_AGGRESSIVE;
				GCC_WARN_UNUSED_FUNCTION = YES;
				GCC_WARN_UNUSED_VARIABLE = YES;
				IPHONEOS_DEPLOYMENT_TARGET = 10.2;
				MTL_ENABLE_DEBUG_INFO = NO;
				SDKROOT = iphoneos;
				SWIFT_OPTIMIZATION_LEVEL = "-Owholemodule";
				VALIDATE_PRODUCT = YES;
			};
			name = Release;
		};
		84ADD6AF1E575CF6002035AE /* Debug */ = {
			isa = XCBuildConfiguration;
			buildSettings = {
				ASSETCATALOG_COMPILER_APPICON_NAME = AppIcon;
				INFOPLIST_FILE = Carrefour/Info.plist;
				LD_RUNPATH_SEARCH_PATHS = "$(inherited) @executable_path/Frameworks";
				PRODUCT_BUNDLE_IDENTIFIER = br.edu.ifpb.si.pdm.Carrefour;
				PRODUCT_NAME = "$(TARGET_NAME)";
				SWIFT_VERSION = 3.0;
			};
			name = Debug;
		};
		84ADD6B01E575CF6002035AE /* Release */ = {
			isa = XCBuildConfiguration;
			buildSettings = {
				ASSETCATALOG_COMPILER_APPICON_NAME = AppIcon;
				INFOPLIST_FILE = Carrefour/Info.plist;
				LD_RUNPATH_SEARCH_PATHS = "$(inherited) @executable_path/Frameworks";
				PRODUCT_BUNDLE_IDENTIFIER = br.edu.ifpb.si.pdm.Carrefour;
				PRODUCT_NAME = "$(TARGET_NAME)";
				SWIFT_VERSION = 3.0;
			};
			name = Release;
		};
/* End XCBuildConfiguration section */

/* Begin XCConfigurationList section */
		84ADD6971E575CF5002035AE /* Build configuration list for PBXProject "Carrefour" */ = {
			isa = XCConfigurationList;
			buildConfigurations = (
				84ADD6AC1E575CF6002035AE /* Debug */,
				84ADD6AD1E575CF6002035AE /* Release */,
			);
			defaultConfigurationIsVisible = 0;
			defaultConfigurationName = Release;
		};
		84ADD6AE1E575CF6002035AE /* Build configuration list for PBXNativeTarget "Carrefour" */ = {
			isa = XCConfigurationList;
			buildConfigurations = (
				84ADD6AF1E575CF6002035AE /* Debug */,
				84ADD6B01E575CF6002035AE /* Release */,
			);
			defaultConfigurationIsVisible = 0;
		};
/* End XCConfigurationList section */
	};
	rootObject = 84ADD6941E575CF5002035AE /* Project object */;
}
