// !$*UTF8*$!
{
	archiveVersion = 1;
	classes = {
	};
	objectVersion = 46;
	objects = {

/* Begin PBXBuildFile section */
		849563761E92B66100EFED6E /* AppDelegate.swift in Sources */ = {isa = PBXBuildFile; fileRef = 849563751E92B66100EFED6E /* AppDelegate.swift */; };
		849563781E92B66100EFED6E /* ViewController.swift in Sources */ = {isa = PBXBuildFile; fileRef = 849563771E92B66100EFED6E /* ViewController.swift */; };
		8495637B1E92B66200EFED6E /* Main.storyboard in Resources */ = {isa = PBXBuildFile; fileRef = 849563791E92B66200EFED6E /* Main.storyboard */; };
		8495637E1E92B66200EFED6E /* Database.xcdatamodeld in Sources */ = {isa = PBXBuildFile; fileRef = 8495637C1E92B66200EFED6E /* Database.xcdatamodeld */; };
		849563801E92B66200EFED6E /* Assets.xcassets in Resources */ = {isa = PBXBuildFile; fileRef = 8495637F1E92B66200EFED6E /* Assets.xcassets */; };
		849563831E92B66200EFED6E /* LaunchScreen.storyboard in Resources */ = {isa = PBXBuildFile; fileRef = 849563811E92B66200EFED6E /* LaunchScreen.storyboard */; };
		8495638C1E92B69E00EFED6E /* CoreData.framework in Frameworks */ = {isa = PBXBuildFile; fileRef = 8495638B1E92B69E00EFED6E /* CoreData.framework */; };
/* End PBXBuildFile section */

/* Begin PBXFileReference section */
		849563721E92B66100EFED6E /* Database.app */ = {isa = PBXFileReference; explicitFileType = wrapper.application; includeInIndex = 0; path = Database.app; sourceTree = BUILT_PRODUCTS_DIR; };
		849563751E92B66100EFED6E /* AppDelegate.swift */ = {isa = PBXFileReference; lastKnownFileType = sourcecode.swift; path = AppDelegate.swift; sourceTree = "<group>"; };
		849563771E92B66100EFED6E /* ViewController.swift */ = {isa = PBXFileReference; lastKnownFileType = sourcecode.swift; path = ViewController.swift; sourceTree = "<group>"; };
		8495637A1E92B66200EFED6E /* Base */ = {isa = PBXFileReference; lastKnownFileType = file.storyboard; name = Base; path = Base.lproj/Main.storyboard; sourceTree = "<group>"; };
		8495637D1E92B66200EFED6E /* Database.xcdatamodel */ = {isa = PBXFileReference; lastKnownFileType = wrapper.xcdatamodel; path = Database.xcdatamodel; sourceTree = "<group>"; };
		8495637F1E92B66200EFED6E /* Assets.xcassets */ = {isa = PBXFileReference; lastKnownFileType = folder.assetcatalog; path = Assets.xcassets; sourceTree = "<group>"; };
		849563821E92B66200EFED6E /* Base */ = {isa = PBXFileReference; lastKnownFileType = file.storyboard; name = Base; path = Base.lproj/LaunchScreen.storyboard; sourceTree = "<group>"; };
		849563841E92B66200EFED6E /* Info.plist */ = {isa = PBXFileReference; lastKnownFileType = text.plist.xml; path = Info.plist; sourceTree = "<group>"; };
		8495638B1E92B69E00EFED6E /* CoreData.framework */ = {isa = PBXFileReference; lastKnownFileType = wrapper.framework; name = CoreData.framework; path = System/Library/Frameworks/CoreData.framework; sourceTree = SDKROOT; };
/* End PBXFileReference section */

/* Begin PBXFrameworksBuildPhase section */
		8495636F1E92B66100EFED6E /* Frameworks */ = {
			isa = PBXFrameworksBuildPhase;
			buildActionMask = 2147483647;
			files = (
				8495638C1E92B69E00EFED6E /* CoreData.framework in Frameworks */,
			);
			runOnlyForDeploymentPostprocessing = 0;
		};
/* End PBXFrameworksBuildPhase section */

/* Begin PBXGroup section */
		849563691E92B66100EFED6E = {
			isa = PBXGroup;
			children = (
				849563741E92B66100EFED6E /* Database */,
				849563731E92B66100EFED6E /* Products */,
				8495638A1E92B69D00EFED6E /* Frameworks */,
			);
			sourceTree = "<group>";
		};
		849563731E92B66100EFED6E /* Products */ = {
			isa = PBXGroup;
			children = (
				849563721E92B66100EFED6E /* Database.app */,
			);
			name = Products;
			sourceTree = "<group>";
		};
		849563741E92B66100EFED6E /* Database */ = {
			isa = PBXGroup;
			children = (
				849563751E92B66100EFED6E /* AppDelegate.swift */,
				849563771E92B66100EFED6E /* ViewController.swift */,
				849563791E92B66200EFED6E /* Main.storyboard */,
				8495637F1E92B66200EFED6E /* Assets.xcassets */,
				849563811E92B66200EFED6E /* LaunchScreen.storyboard */,
				849563841E92B66200EFED6E /* Info.plist */,
				8495637C1E92B66200EFED6E /* Database.xcdatamodeld */,
			);
			path = Database;
			sourceTree = "<group>";
		};
		8495638A1E92B69D00EFED6E /* Frameworks */ = {
			isa = PBXGroup;
			children = (
				8495638B1E92B69E00EFED6E /* CoreData.framework */,
			);
			name = Frameworks;
			sourceTree = "<group>";
		};
/* End PBXGroup section */

/* Begin PBXNativeTarget section */
		849563711E92B66100EFED6E /* Database */ = {
			isa = PBXNativeTarget;
			buildConfigurationList = 849563871E92B66200EFED6E /* Build configuration list for PBXNativeTarget "Database" */;
			buildPhases = (
				8495636E1E92B66100EFED6E /* Sources */,
				8495636F1E92B66100EFED6E /* Frameworks */,
				849563701E92B66100EFED6E /* Resources */,
			);
			buildRules = (
			);
			dependencies = (
			);
			name = Database;
			productName = Database;
			productReference = 849563721E92B66100EFED6E /* Database.app */;
			productType = "com.apple.product-type.application";
		};
/* End PBXNativeTarget section */

/* Begin PBXProject section */
		8495636A1E92B66100EFED6E /* Project object */ = {
			isa = PBXProject;
			attributes = {
				LastSwiftUpdateCheck = 0820;
				LastUpgradeCheck = 0820;
				ORGANIZATIONNAME = admin;
				TargetAttributes = {
					849563711E92B66100EFED6E = {
						CreatedOnToolsVersion = 8.2.1;
						ProvisioningStyle = Automatic;
					};
				};
			};
			buildConfigurationList = 8495636D1E92B66100EFED6E /* Build configuration list for PBXProject "Database" */;
			compatibilityVersion = "Xcode 3.2";
			developmentRegion = English;
			hasScannedForEncodings = 0;
			knownRegions = (
				en,
				Base,
			);
			mainGroup = 849563691E92B66100EFED6E;
			productRefGroup = 849563731E92B66100EFED6E /* Products */;
			projectDirPath = "";
			projectRoot = "";
			targets = (
				849563711E92B66100EFED6E /* Database */,
			);
		};
/* End PBXProject section */

/* Begin PBXResourcesBuildPhase section */
		849563701E92B66100EFED6E /* Resources */ = {
			isa = PBXResourcesBuildPhase;
			buildActionMask = 2147483647;
			files = (
				849563831E92B66200EFED6E /* LaunchScreen.storyboard in Resources */,
				849563801E92B66200EFED6E /* Assets.xcassets in Resources */,
				8495637B1E92B66200EFED6E /* Main.storyboard in Resources */,
			);
			runOnlyForDeploymentPostprocessing = 0;
		};
/* End PBXResourcesBuildPhase section */

/* Begin PBXSourcesBuildPhase section */
		8495636E1E92B66100EFED6E /* Sources */ = {
			isa = PBXSourcesBuildPhase;
			buildActionMask = 2147483647;
			files = (
				849563781E92B66100EFED6E /* ViewController.swift in Sources */,
				8495637E1E92B66200EFED6E /* Database.xcdatamodeld in Sources */,
				849563761E92B66100EFED6E /* AppDelegate.swift in Sources */,
			);
			runOnlyForDeploymentPostprocessing = 0;
		};
/* End PBXSourcesBuildPhase section */

/* Begin PBXVariantGroup section */
		849563791E92B66200EFED6E /* Main.storyboard */ = {
			isa = PBXVariantGroup;
			children = (
				8495637A1E92B66200EFED6E /* Base */,
			);
			name = Main.storyboard;
			sourceTree = "<group>";
		};
		849563811E92B66200EFED6E /* LaunchScreen.storyboard */ = {
			isa = PBXVariantGroup;
			children = (
				849563821E92B66200EFED6E /* Base */,
			);
			name = LaunchScreen.storyboard;
			sourceTree = "<group>";
		};
/* End PBXVariantGroup section */

/* Begin XCBuildConfiguration section */
		849563851E92B66200EFED6E /* Debug */ = {
			isa = XCBuildConfiguration;
			buildSettings = {
				ALWAYS_SEARCH_USER_PATHS = NO;
				CLANG_ANALYZER_NONNULL = YES;
				CLANG_CXX_LANGUAGE_STANDARD = "gnu++0x";
				CLANG_CXX_LIBRARY = "libc++";
				CLANG_ENABLE_MODULES = YES;
				CLANG_ENABLE_OBJC_ARC = YES;
				CLANG_WARN_BOOL_CONVERSION = YES;
				CLANG_WARN_CONSTANT_CONVERSION = YES;
				CLANG_WARN_DIRECT_OBJC_ISA_USAGE = YES_ERROR;
				CLANG_WARN_DOCUMENTATION_COMMENTS = YES;
				CLANG_WARN_EMPTY_BODY = YES;
				CLANG_WARN_ENUM_CONVERSION = YES;
				CLANG_WARN_INFINITE_RECURSION = YES;
				CLANG_WARN_INT_CONVERSION = YES;
				CLANG_WARN_OBJC_ROOT_CLASS = YES_ERROR;
				CLANG_WARN_SUSPICIOUS_MOVE = YES;
				CLANG_WARN_UNREACHABLE_CODE = YES;
				CLANG_WARN__DUPLICATE_METHOD_MATCH = YES;
				"CODE_SIGN_IDENTITY[sdk=iphoneos*]" = "iPhone Developer";
				COPY_PHASE_STRIP = NO;
				DEBUG_INFORMATION_FORMAT = dwarf;
				ENABLE_STRICT_OBJC_MSGSEND = YES;
				ENABLE_TESTABILITY = YES;
				GCC_C_LANGUAGE_STANDARD = gnu99;
				GCC_DYNAMIC_NO_PIC = NO;
				GCC_NO_COMMON_BLOCKS = YES;
				GCC_OPTIMIZATION_LEVEL = 0;
				GCC_PREPROCESSOR_DEFINITIONS = (
					"DEBUG=1",
					"$(inherited)",
				);
				GCC_WARN_64_TO_32_BIT_CONVERSION = YES;
				GCC_WARN_ABOUT_RETURN_TYPE = YES_ERROR;
				GCC_WARN_UNDECLARED_SELECTOR = YES;
				GCC_WARN_UNINITIALIZED_AUTOS = YES_AGGRESSIVE;
				GCC_WARN_UNUSED_FUNCTION = YES;
				GCC_WARN_UNUSED_VARIABLE = YES;
				IPHONEOS_DEPLOYMENT_TARGET = 10.2;
				MTL_ENABLE_DEBUG_INFO = YES;
				ONLY_ACTIVE_ARCH = YES;
				SDKROOT = iphoneos;
				SWIFT_ACTIVE_COMPILATION_CONDITIONS = DEBUG;
				SWIFT_OPTIMIZATION_LEVEL = "-Onone";
			};
			name = Debug;
		};
		849563861E92B66200EFED6E /* Release */ = {
			isa = XCBuildConfiguration;
			buildSettings = {
				ALWAYS_SEARCH_USER_PATHS = NO;
				CLANG_ANALYZER_NONNULL = YES;
				CLANG_CXX_LANGUAGE_STANDARD = "gnu++0x";
				CLANG_CXX_LIBRARY = "libc++";
				CLANG_ENABLE_MODULES = YES;
				CLANG_ENABLE_OBJC_ARC = YES;
				CLANG_WARN_BOOL_CONVERSION = YES;
				CLANG_WARN_CONSTANT_CONVERSION = YES;
				CLANG_WARN_DIRECT_OBJC_ISA_USAGE = YES_ERROR;
				CLANG_WARN_DOCUMENTATION_COMMENTS = YES;
				CLANG_WARN_EMPTY_BODY = YES;
				CLANG_WARN_ENUM_CONVERSION = YES;
				CLANG_WARN_INFINITE_RECURSION = YES;
				CLANG_WARN_INT_CONVERSION = YES;
				CLANG_WARN_OBJC_ROOT_CLASS = YES_ERROR;
				CLANG_WARN_SUSPICIOUS_MOVE = YES;
				CLANG_WARN_UNREACHABLE_CODE = YES;
				CLANG_WARN__DUPLICATE_METHOD_MATCH = YES;
				"CODE_SIGN_IDENTITY[sdk=iphoneos*]" = "iPhone Developer";
				COPY_PHASE_STRIP = NO;
				DEBUG_INFORMATION_FORMAT = "dwarf-with-dsym";
				ENABLE_NS_ASSERTIONS = NO;
				ENABLE_STRICT_OBJC_MSGSEND = YES;
				GCC_C_LANGUAGE_STANDARD = gnu99;
				GCC_NO_COMMON_BLOCKS = YES;
				GCC_WARN_64_TO_32_BIT_CONVERSION = YES;
				GCC_WARN_ABOUT_RETURN_TYPE = YES_ERROR;
				GCC_WARN_UNDECLARED_SELECTOR = YES;
				GCC_WARN_UNINITIALIZED_AUTOS = YES_AGGRESSIVE;
				GCC_WARN_UNUSED_FUNCTION = YES;
				GCC_WARN_UNUSED_VARIABLE = YES;
				IPHONEOS_DEPLOYMENT_TARGET = 10.2;
				MTL_ENABLE_DEBUG_INFO = NO;
				SDKROOT = iphoneos;
				SWIFT_OPTIMIZATION_LEVEL = "-Owholemodule";
				VALIDATE_PRODUCT = YES;
			};
			name = Release;
		};
		849563881E92B66200EFED6E /* Debug */ = {
			isa = XCBuildConfiguration;
			buildSettings = {
				ASSETCATALOG_COMPILER_APPICON_NAME = AppIcon;
				INFOPLIST_FILE = Database/Info.plist;
				LD_RUNPATH_SEARCH_PATHS = "$(inherited) @executable_path/Frameworks";
				PRODUCT_BUNDLE_IDENTIFIER = br.edu.ifpb.si.pdm.Database;
				PRODUCT_NAME = "$(TARGET_NAME)";
				SWIFT_VERSION = 3.0;
			};
			name = Debug;
		};
		849563891E92B66200EFED6E /* Release */ = {
			isa = XCBuildConfiguration;
			buildSettings = {
				ASSETCATALOG_COMPILER_APPICON_NAME = AppIcon;
				INFOPLIST_FILE = Database/Info.plist;
				LD_RUNPATH_SEARCH_PATHS = "$(inherited) @executable_path/Frameworks";
				PRODUCT_BUNDLE_IDENTIFIER = br.edu.ifpb.si.pdm.Database;
				PRODUCT_NAME = "$(TARGET_NAME)";
				SWIFT_VERSION = 3.0;
			};
			name = Release;
		};
/* End XCBuildConfiguration section */

/* Begin XCConfigurationList section */
		8495636D1E92B66100EFED6E /* Build configuration list for PBXProject "Database" */ = {
			isa = XCConfigurationList;
			buildConfigurations = (
				849563851E92B66200EFED6E /* Debug */,
				849563861E92B66200EFED6E /* Release */,
			);
			defaultConfigurationIsVisible = 0;
			defaultConfigurationName = Release;
		};
		849563871E92B66200EFED6E /* Build configuration list for PBXNativeTarget "Database" */ = {
			isa = XCConfigurationList;
			buildConfigurations = (
				849563881E92B66200EFED6E /* Debug */,
				849563891E92B66200EFED6E /* Release */,
			);
			defaultConfigurationIsVisible = 0;
		};
/* End XCConfigurationList section */

/* Begin XCVersionGroup section */
		8495637C1E92B66200EFED6E /* Database.xcdatamodeld */ = {
			isa = XCVersionGroup;
			children = (
				8495637D1E92B66200EFED6E /* Database.xcdatamodel */,
			);
			currentVersion = 8495637D1E92B66200EFED6E /* Database.xcdatamodel */;
			path = Database.xcdatamodeld;
			sourceTree = "<group>";
			versionGroupType = wrapper.xcdatamodel;
		};
/* End XCVersionGroup section */
	};
	rootObject = 8495636A1E92B66100EFED6E /* Project object */;
}
