// !$*UTF8*$!
{
	archiveVersion = 1;
	classes = {
	};
	objectVersion = 46;
	objects = {

/* Begin PBXBuildFile section */
		847D1D3A1E5B51DF004F5975 /* AppDelegate.swift in Sources */ = {isa = PBXBuildFile; fileRef = 847D1D391E5B51DF004F5975 /* AppDelegate.swift */; };
		847D1D3C1E5B51DF004F5975 /* ViewController.swift in Sources */ = {isa = PBXBuildFile; fileRef = 847D1D3B1E5B51DF004F5975 /* ViewController.swift */; };
		847D1D3F1E5B51DF004F5975 /* Main.storyboard in Resources */ = {isa = PBXBuildFile; fileRef = 847D1D3D1E5B51DF004F5975 /* Main.storyboard */; };
		847D1D411E5B51DF004F5975 /* Assets.xcassets in Resources */ = {isa = PBXBuildFile; fileRef = 847D1D401E5B51DF004F5975 /* Assets.xcassets */; };
		847D1D441E5B51DF004F5975 /* LaunchScreen.storyboard in Resources */ = {isa = PBXBuildFile; fileRef = 847D1D421E5B51DF004F5975 /* LaunchScreen.storyboard */; };
/* End PBXBuildFile section */

/* Begin PBXFileReference section */
		847D1D361E5B51DF004F5975 /* Novo Projeto.app */ = {isa = PBXFileReference; explicitFileType = wrapper.application; includeInIndex = 0; path = "Novo Projeto.app"; sourceTree = BUILT_PRODUCTS_DIR; };
		847D1D391E5B51DF004F5975 /* AppDelegate.swift */ = {isa = PBXFileReference; lastKnownFileType = sourcecode.swift; path = AppDelegate.swift; sourceTree = "<group>"; };
		847D1D3B1E5B51DF004F5975 /* ViewController.swift */ = {isa = PBXFileReference; lastKnownFileType = sourcecode.swift; path = ViewController.swift; sourceTree = "<group>"; };
		847D1D3E1E5B51DF004F5975 /* Base */ = {isa = PBXFileReference; lastKnownFileType = file.storyboard; name = Base; path = Base.lproj/Main.storyboard; sourceTree = "<group>"; };
		847D1D401E5B51DF004F5975 /* Assets.xcassets */ = {isa = PBXFileReference; lastKnownFileType = folder.assetcatalog; path = Assets.xcassets; sourceTree = "<group>"; };
		847D1D431E5B51DF004F5975 /* Base */ = {isa = PBXFileReference; lastKnownFileType = file.storyboard; name = Base; path = Base.lproj/LaunchScreen.storyboard; sourceTree = "<group>"; };
		847D1D451E5B51DF004F5975 /* Info.plist */ = {isa = PBXFileReference; lastKnownFileType = text.plist.xml; path = Info.plist; sourceTree = "<group>"; };
/* End PBXFileReference section */

/* Begin PBXFrameworksBuildPhase section */
		847D1D331E5B51DF004F5975 /* Frameworks */ = {
			isa = PBXFrameworksBuildPhase;
			buildActionMask = 2147483647;
			files = (
			);
			runOnlyForDeploymentPostprocessing = 0;
		};
/* End PBXFrameworksBuildPhase section */

/* Begin PBXGroup section */
		847D1D2D1E5B51DF004F5975 = {
			isa = PBXGroup;
			children = (
				847D1D381E5B51DF004F5975 /* Novo Projeto */,
				847D1D371E5B51DF004F5975 /* Products */,
			);
			sourceTree = "<group>";
		};
		847D1D371E5B51DF004F5975 /* Products */ = {
			isa = PBXGroup;
			children = (
				847D1D361E5B51DF004F5975 /* Novo Projeto.app */,
			);
			name = Products;
			sourceTree = "<group>";
		};
		847D1D381E5B51DF004F5975 /* Novo Projeto */ = {
			isa = PBXGroup;
			children = (
				847D1D391E5B51DF004F5975 /* AppDelegate.swift */,
				847D1D3B1E5B51DF004F5975 /* ViewController.swift */,
				847D1D3D1E5B51DF004F5975 /* Main.storyboard */,
				847D1D401E5B51DF004F5975 /* Assets.xcassets */,
				847D1D421E5B51DF004F5975 /* LaunchScreen.storyboard */,
				847D1D451E5B51DF004F5975 /* Info.plist */,
			);
			path = "Novo Projeto";
			sourceTree = "<group>";
		};
/* End PBXGroup section */

/* Begin PBXNativeTarget section */
		847D1D351E5B51DF004F5975 /* Novo Projeto */ = {
			isa = PBXNativeTarget;
			buildConfigurationList = 847D1D481E5B51DF004F5975 /* Build configuration list for PBXNativeTarget "Novo Projeto" */;
			buildPhases = (
				847D1D321E5B51DF004F5975 /* Sources */,
				847D1D331E5B51DF004F5975 /* Frameworks */,
				847D1D341E5B51DF004F5975 /* Resources */,
			);
			buildRules = (
			);
			dependencies = (
			);
			name = "Novo Projeto";
			productName = "Novo Projeto";
			productReference = 847D1D361E5B51DF004F5975 /* Novo Projeto.app */;
			productType = "com.apple.product-type.application";
		};
/* End PBXNativeTarget section */

/* Begin PBXProject section */
		847D1D2E1E5B51DF004F5975 /* Project object */ = {
			isa = PBXProject;
			attributes = {
				LastSwiftUpdateCheck = 0820;
				LastUpgradeCheck = 0820;
				ORGANIZATIONNAME = admin;
				TargetAttributes = {
					847D1D351E5B51DF004F5975 = {
						CreatedOnToolsVersion = 8.2.1;
						ProvisioningStyle = Automatic;
					};
				};
			};
			buildConfigurationList = 847D1D311E5B51DF004F5975 /* Build configuration list for PBXProject "Novo Projeto" */;
			compatibilityVersion = "Xcode 3.2";
			developmentRegion = English;
			hasScannedForEncodings = 0;
			knownRegions = (
				en,
				Base,
			);
			mainGroup = 847D1D2D1E5B51DF004F5975;
			productRefGroup = 847D1D371E5B51DF004F5975 /* Products */;
			projectDirPath = "";
			projectRoot = "";
			targets = (
				847D1D351E5B51DF004F5975 /* Novo Projeto */,
			);
		};
/* End PBXProject section */

/* Begin PBXResourcesBuildPhase section */
		847D1D341E5B51DF004F5975 /* Resources */ = {
			isa = PBXResourcesBuildPhase;
			buildActionMask = 2147483647;
			files = (
				847D1D441E5B51DF004F5975 /* LaunchScreen.storyboard in Resources */,
				847D1D411E5B51DF004F5975 /* Assets.xcassets in Resources */,
				847D1D3F1E5B51DF004F5975 /* Main.storyboard in Resources */,
			);
			runOnlyForDeploymentPostprocessing = 0;
		};
/* End PBXResourcesBuildPhase section */

/* Begin PBXSourcesBuildPhase section */
		847D1D321E5B51DF004F5975 /* Sources */ = {
			isa = PBXSourcesBuildPhase;
			buildActionMask = 2147483647;
			files = (
				847D1D3C1E5B51DF004F5975 /* ViewController.swift in Sources */,
				847D1D3A1E5B51DF004F5975 /* AppDelegate.swift in Sources */,
			);
			runOnlyForDeploymentPostprocessing = 0;
		};
/* End PBXSourcesBuildPhase section */

/* Begin PBXVariantGroup section */
		847D1D3D1E5B51DF004F5975 /* Main.storyboard */ = {
			isa = PBXVariantGroup;
			children = (
				847D1D3E1E5B51DF004F5975 /* Base */,
			);
			name = Main.storyboard;
			sourceTree = "<group>";
		};
		847D1D421E5B51DF004F5975 /* LaunchScreen.storyboard */ = {
			isa = PBXVariantGroup;
			children = (
				847D1D431E5B51DF004F5975 /* Base */,
			);
			name = LaunchScreen.storyboard;
			sourceTree = "<group>";
		};
/* End PBXVariantGroup section */

/* Begin XCBuildConfiguration section */
		847D1D461E5B51DF004F5975 /* Debug */ = {
			isa = XCBuildConfiguration;
			buildSettings = {
				ALWAYS_SEARCH_USER_PATHS = NO;
				CLANG_ANALYZER_NONNULL = YES;
				CLANG_CXX_LANGUAGE_STANDARD = "gnu++0x";
				CLANG_CXX_LIBRARY = "libc++";
				CLANG_ENABLE_MODULES = YES;
				CLANG_ENABLE_OBJC_ARC = YES;
				CLANG_WARN_BOOL_CONVERSION = YES;
				CLANG_WARN_CONSTANT_CONVERSION = YES;
				CLANG_WARN_DIRECT_OBJC_ISA_USAGE = YES_ERROR;
				CLANG_WARN_DOCUMENTATION_COMMENTS = YES;
				CLANG_WARN_EMPTY_BODY = YES;
				CLANG_WARN_ENUM_CONVERSION = YES;
				CLANG_WARN_INFINITE_RECURSION = YES;
				CLANG_WARN_INT_CONVERSION = YES;
				CLANG_WARN_OBJC_ROOT_CLASS = YES_ERROR;
				CLANG_WARN_SUSPICIOUS_MOVE = YES;
				CLANG_WARN_UNREACHABLE_CODE = YES;
				CLANG_WARN__DUPLICATE_METHOD_MATCH = YES;
				"CODE_SIGN_IDENTITY[sdk=iphoneos*]" = "iPhone Developer";
				COPY_PHASE_STRIP = NO;
				DEBUG_INFORMATION_FORMAT = dwarf;
				ENABLE_STRICT_OBJC_MSGSEND = YES;
				ENABLE_TESTABILITY = YES;
				GCC_C_LANGUAGE_STANDARD = gnu99;
				GCC_DYNAMIC_NO_PIC = NO;
				GCC_NO_COMMON_BLOCKS = YES;
				GCC_OPTIMIZATION_LEVEL = 0;
				GCC_PREPROCESSOR_DEFINITIONS = (
					"DEBUG=1",
					"$(inherited)",
				);
				GCC_WARN_64_TO_32_BIT_CONVERSION = YES;
				GCC_WARN_ABOUT_RETURN_TYPE = YES_ERROR;
				GCC_WARN_UNDECLARED_SELECTOR = YES;
				GCC_WARN_UNINITIALIZED_AUTOS = YES_AGGRESSIVE;
				GCC_WARN_UNUSED_FUNCTION = YES;
				GCC_WARN_UNUSED_VARIABLE = YES;
				IPHONEOS_DEPLOYMENT_TARGET = 10.2;
				MTL_ENABLE_DEBUG_INFO = YES;
				ONLY_ACTIVE_ARCH = YES;
				SDKROOT = iphoneos;
				SWIFT_ACTIVE_COMPILATION_CONDITIONS = DEBUG;
				SWIFT_OPTIMIZATION_LEVEL = "-Onone";
			};
			name = Debug;
		};
		847D1D471E5B51DF004F5975 /* Release */ = {
			isa = XCBuildConfiguration;
			buildSettings = {
				ALWAYS_SEARCH_USER_PATHS = NO;
				CLANG_ANALYZER_NONNULL = YES;
				CLANG_CXX_LANGUAGE_STANDARD = "gnu++0x";
				CLANG_CXX_LIBRARY = "libc++";
				CLANG_ENABLE_MODULES = YES;
				CLANG_ENABLE_OBJC_ARC = YES;
				CLANG_WARN_BOOL_CONVERSION = YES;
				CLANG_WARN_CONSTANT_CONVERSION = YES;
				CLANG_WARN_DIRECT_OBJC_ISA_USAGE = YES_ERROR;
				CLANG_WARN_DOCUMENTATION_COMMENTS = YES;
				CLANG_WARN_EMPTY_BODY = YES;
				CLANG_WARN_ENUM_CONVERSION = YES;
				CLANG_WARN_INFINITE_RECURSION = YES;
				CLANG_WARN_INT_CONVERSION = YES;
				CLANG_WARN_OBJC_ROOT_CLASS = YES_ERROR;
				CLANG_WARN_SUSPICIOUS_MOVE = YES;
				CLANG_WARN_UNREACHABLE_CODE = YES;
				CLANG_WARN__DUPLICATE_METHOD_MATCH = YES;
				"CODE_SIGN_IDENTITY[sdk=iphoneos*]" = "iPhone Developer";
				COPY_PHASE_STRIP = NO;
				DEBUG_INFORMATION_FORMAT = "dwarf-with-dsym";
				ENABLE_NS_ASSERTIONS = NO;
				ENABLE_STRICT_OBJC_MSGSEND = YES;
				GCC_C_LANGUAGE_STANDARD = gnu99;
				GCC_NO_COMMON_BLOCKS = YES;
				GCC_WARN_64_TO_32_BIT_CONVERSION = YES;
				GCC_WARN_ABOUT_RETURN_TYPE = YES_ERROR;
				GCC_WARN_UNDECLARED_SELECTOR = YES;
				GCC_WARN_UNINITIALIZED_AUTOS = YES_AGGRESSIVE;
				GCC_WARN_UNUSED_FUNCTION = YES;
				GCC_WARN_UNUSED_VARIABLE = YES;
				IPHONEOS_DEPLOYMENT_TARGET = 10.2;
				MTL_ENABLE_DEBUG_INFO = NO;
				SDKROOT = iphoneos;
				SWIFT_OPTIMIZATION_LEVEL = "-Owholemodule";
				VALIDATE_PRODUCT = YES;
			};
			name = Release;
		};
		847D1D491E5B51DF004F5975 /* Debug */ = {
			isa = XCBuildConfiguration;
			buildSettings = {
				ASSETCATALOG_COMPILER_APPICON_NAME = AppIcon;
				INFOPLIST_FILE = "Novo Projeto/Info.plist";
				LD_RUNPATH_SEARCH_PATHS = "$(inherited) @executable_path/Frameworks";
				PRODUCT_BUNDLE_IDENTIFIER = "br.edu.ifpb.si.pdm.Novo-Projeto";
				PRODUCT_NAME = "$(TARGET_NAME)";
				SWIFT_VERSION = 3.0;
			};
			name = Debug;
		};
		847D1D4A1E5B51DF004F5975 /* Release */ = {
			isa = XCBuildConfiguration;
			buildSettings = {
				ASSETCATALOG_COMPILER_APPICON_NAME = AppIcon;
				INFOPLIST_FILE = "Novo Projeto/Info.plist";
				LD_RUNPATH_SEARCH_PATHS = "$(inherited) @executable_path/Frameworks";
				PRODUCT_BUNDLE_IDENTIFIER = "br.edu.ifpb.si.pdm.Novo-Projeto";
				PRODUCT_NAME = "$(TARGET_NAME)";
				SWIFT_VERSION = 3.0;
			};
			name = Release;
		};
/* End XCBuildConfiguration section */

/* Begin XCConfigurationList section */
		847D1D311E5B51DF004F5975 /* Build configuration list for PBXProject "Novo Projeto" */ = {
			isa = XCConfigurationList;
			buildConfigurations = (
				847D1D461E5B51DF004F5975 /* Debug */,
				847D1D471E5B51DF004F5975 /* Release */,
			);
			defaultConfigurationIsVisible = 0;
			defaultConfigurationName = Release;
		};
		847D1D481E5B51DF004F5975 /* Build configuration list for PBXNativeTarget "Novo Projeto" */ = {
			isa = XCConfigurationList;
			buildConfigurations = (
				847D1D491E5B51DF004F5975 /* Debug */,
				847D1D4A1E5B51DF004F5975 /* Release */,
			);
			defaultConfigurationIsVisible = 0;
		};
/* End XCConfigurationList section */
	};
	rootObject = 847D1D2E1E5B51DF004F5975 /* Project object */;
}
